
Microsoft Visual Studio Solution File, Format Version 12.00
# Visual Studio Version 16
VisualStudioVersion = 16.0.31729.503
MinimumVisualStudioVersion = 10.0.40219.1
Project("{FAE04EC0-301F-11D3-BF4B-00C04F79EFBC}") = "PTesteMetodos", "PTesteMetodos\PTesteMetodos.csproj", "{6618FE78-EA51-490E-8110-83632B6FF29C}"
EndProject
Global
	GlobalSection(SolutionConfigurationPlatforms) = preSolution
		Debug|Any CPU = Debug|Any CPU
		Release|Any CPU = Release|Any CPU
	EndGlobalSection
	GlobalSection(ProjectConfigurationPlatforms) = postSolution
		{6618FE78-EA51-490E-8110-83632B6FF29C}.Debug|Any CPU.ActiveCfg = Debug|Any CPU
		{6618FE78-EA51-490E-8110-83632B6FF29C}.Debug|Any CPU.Build.0 = Debug|Any CPU
		{6618FE78-EA51-490E-8110-83632B6FF29C}.Release|Any CPU.ActiveCfg = Release|Any CPU
		{6618FE78-EA51-490E-8110-83632B6FF29C}.Release|Any CPU.Build.0 = Release|Any CPU
	EndGlobalSection
	GlobalSection(SolutionProperties) = preSolution
		HideSolutionNode = FALSE
	EndGlobalSection
	GlobalSection(ExtensibilityGlobals) = postSolution
		SolutionGuid = {9AE66637-D1B4-4172-BAF5-9B50B1BCA7EA}
	EndGlobalSection
EndGlobal
